
Microsoft Visual Studio Solution File, Format Version 12.00
# Visual Studio Version 16
VisualStudioVersion = 16.0.30804.86
MinimumVisualStudioVersion = 10.0.40219.1
Project("{FAE04EC0-301F-11D3-BF4B-00C04F79EFBC}") = "TelerikMvcApp1", "TelerikMvcApp1.csproj", "{6586AE04-D0EC-4321-8829-A6902C1DDA1A}"
EndProject
Global
	GlobalSection(SolutionConfigurationPlatforms) = preSolution
		Debug|Any CPU = Debug|Any CPU
		Release|Any CPU = Release|Any CPU
	EndGlobalSection
	GlobalSection(ProjectConfigurationPlatforms) = postSolution
		{6586AE04-D0EC-4321-8829-A6902C1DDA1A}.Debug|Any CPU.ActiveCfg = Debug|Any CPU
		{6586AE04-D0EC-4321-8829-A6902C1DDA1A}.Debug|Any CPU.Build.0 = Debug|Any CPU
		{6586AE04-D0EC-4321-8829-A6902C1DDA1A}.Release|Any CPU.ActiveCfg = Release|Any CPU
		{6586AE04-D0EC-4321-8829-A6902C1DDA1A}.Release|Any CPU.Build.0 = Release|Any CPU
	EndGlobalSection
	GlobalSection(SolutionProperties) = preSolution
		HideSolutionNode = FALSE
	EndGlobalSection
	GlobalSection(ExtensibilityGlobals) = postSolution
		SolutionGuid = {8D3C6C86-AAC3-4198-8739-61B9D869B6ED}
	EndGlobalSection
EndGlobal
